// !$*UTF8*$!
{
	archiveVersion = 1;
	classes = {
	};
	objectVersion = 48;
	objects = {

/* Begin PBXBuildFile section */
		C0266A522031768000EBBB3C /* AppDelegate.swift in Sources */ = {isa = PBXBuildFile; fileRef = C0266A512031768000EBBB3C /* AppDelegate.swift */; };
		C0266A542031768000EBBB3C /* ViewController.swift in Sources */ = {isa = PBXBuildFile; fileRef = C0266A532031768000EBBB3C /* ViewController.swift */; };
		C0266A572031768000EBBB3C /* Main.storyboard in Resources */ = {isa = PBXBuildFile; fileRef = C0266A552031768000EBBB3C /* Main.storyboard */; };
		C0266A592031768000EBBB3C /* Assets.xcassets in Resources */ = {isa = PBXBuildFile; fileRef = C0266A582031768000EBBB3C /* Assets.xcassets */; };
		C0266A5C2031768000EBBB3C /* LaunchScreen.storyboard in Resources */ = {isa = PBXBuildFile; fileRef = C0266A5A2031768000EBBB3C /* LaunchScreen.storyboard */; };
		C0266A64203176F400EBBB3C /* GTSpinner.swift in Sources */ = {isa = PBXBuildFile; fileRef = C0266A63203176F400EBBB3C /* GTSpinner.swift */; };
/* End PBXBuildFile section */

/* Begin PBXFileReference section */
		C0266A4E2031768000EBBB3C /* GTSpinner.app */ = {isa = PBXFileReference; explicitFileType = wrapper.application; includeInIndex = 0; path = GTSpinner.app; sourceTree = BUILT_PRODUCTS_DIR; };
		C0266A512031768000EBBB3C /* AppDelegate.swift */ = {isa = PBXFileReference; lastKnownFileType = sourcecode.swift; path = AppDelegate.swift; sourceTree = "<group>"; };
		C0266A532031768000EBBB3C /* ViewController.swift */ = {isa = PBXFileReference; lastKnownFileType = sourcecode.swift; path = ViewController.swift; sourceTree = "<group>"; };
		C0266A562031768000EBBB3C /* Base */ = {isa = PBXFileReference; lastKnownFileType = file.storyboard; name = Base; path = Base.lproj/Main.storyboard; sourceTree = "<group>"; };
		C0266A582031768000EBBB3C /* Assets.xcassets */ = {isa = PBXFileReference; lastKnownFileType = folder.assetcatalog; path = Assets.xcassets; sourceTree = "<group>"; };
		C0266A5B2031768000EBBB3C /* Base */ = {isa = PBXFileReference; lastKnownFileType = file.storyboard; name = Base; path = Base.lproj/LaunchScreen.storyboard; sourceTree = "<group>"; };
		C0266A5D2031768000EBBB3C /* Info.plist */ = {isa = PBXFileReference; lastKnownFileType = text.plist.xml; path = Info.plist; sourceTree = "<group>"; };
		C0266A63203176F400EBBB3C /* GTSpinner.swift */ = {isa = PBXFileReference; lastKnownFileType = sourcecode.swift; path = GTSpinner.swift; sourceTree = "<group>"; };
/* End PBXFileReference section */

/* Begin PBXFrameworksBuildPhase section */
		C0266A4B2031768000EBBB3C /* Frameworks */ = {
			isa = PBXFrameworksBuildPhase;
			buildActionMask = 2147483647;
			files = (
			);
			runOnlyForDeploymentPostprocessing = 0;
		};
/* End PBXFrameworksBuildPhase section */

/* Begin PBXGroup section */
		C0266A452031768000EBBB3C = {
			isa = PBXGroup;
			children = (
				C0266A502031768000EBBB3C /* GTSpinner */,
				C0266A4F2031768000EBBB3C /* Products */,
			);
			sourceTree = "<group>";
		};
		C0266A4F2031768000EBBB3C /* Products */ = {
			isa = PBXGroup;
			children = (
				C0266A4E2031768000EBBB3C /* GTSpinner.app */,
			);
			name = Products;
			sourceTree = "<group>";
		};
		C0266A502031768000EBBB3C /* GTSpinner */ = {
			isa = PBXGroup;
			children = (
				C0266A512031768000EBBB3C /* AppDelegate.swift */,
				C0266A532031768000EBBB3C /* ViewController.swift */,
				C0266A63203176F400EBBB3C /* GTSpinner.swift */,
				C0266A552031768000EBBB3C /* Main.storyboard */,
				C0266A582031768000EBBB3C /* Assets.xcassets */,
				C0266A5A2031768000EBBB3C /* LaunchScreen.storyboard */,
				C0266A5D2031768000EBBB3C /* Info.plist */,
			);
			path = GTSpinner;
			sourceTree = "<group>";
		};
/* End PBXGroup section */

/* Begin PBXNativeTarget section */
		C0266A4D2031768000EBBB3C /* GTSpinner */ = {
			isa = PBXNativeTarget;
			buildConfigurationList = C0266A602031768000EBBB3C /* Build configuration list for PBXNativeTarget "GTSpinner" */;
			buildPhases = (
				C0266A4A2031768000EBBB3C /* Sources */,
				C0266A4B2031768000EBBB3C /* Frameworks */,
				C0266A4C2031768000EBBB3C /* Resources */,
			);
			buildRules = (
			);
			dependencies = (
			);
			name = GTSpinner;
			productName = GTSpinner;
			productReference = C0266A4E2031768000EBBB3C /* GTSpinner.app */;
			productType = "com.apple.product-type.application";
		};
/* End PBXNativeTarget section */

/* Begin PBXProject section */
		C0266A462031768000EBBB3C /* Project object */ = {
			isa = PBXProject;
			attributes = {
				LastSwiftUpdateCheck = 0900;
				LastUpgradeCheck = 0900;
				ORGANIZATIONNAME = "Gabriel Theodoropoulos";
				TargetAttributes = {
					C0266A4D2031768000EBBB3C = {
						CreatedOnToolsVersion = 9.0;
						ProvisioningStyle = Automatic;
					};
				};
			};
			buildConfigurationList = C0266A492031768000EBBB3C /* Build configuration list for PBXProject "GTSpinner" */;
			compatibilityVersion = "Xcode 8.0";
			developmentRegion = en;
			hasScannedForEncodings = 0;
			knownRegions = (
				en,
				Base,
			);
			mainGroup = C0266A452031768000EBBB3C;
			productRefGroup = C0266A4F2031768000EBBB3C /* Products */;
			projectDirPath = "";
			projectRoot = "";
			targets = (
				C0266A4D2031768000EBBB3C /* GTSpinner */,
			);
		};
/* End PBXProject section */

/* Begin PBXResourcesBuildPhase section */
		C0266A4C2031768000EBBB3C /* Resources */ = {
			isa = PBXResourcesBuildPhase;
			buildActionMask = 2147483647;
			files = (
				C0266A5C2031768000EBBB3C /* LaunchScreen.storyboard in Resources */,
				C0266A592031768000EBBB3C /* Assets.xcassets in Resources */,
				C0266A572031768000EBBB3C /* Main.storyboard in Resources */,
			);
			runOnlyForDeploymentPostprocessing = 0;
		};
/* End PBXResourcesBuildPhase section */

/* Begin PBXSourcesBuildPhase section */
		C0266A4A2031768000EBBB3C /* Sources */ = {
			isa = PBXSourcesBuildPhase;
			buildActionMask = 2147483647;
			files = (
				C0266A542031768000EBBB3C /* ViewController.swift in Sources */,
				C0266A522031768000EBBB3C /* AppDelegate.swift in Sources */,
				C0266A64203176F400EBBB3C /* GTSpinner.swift in Sources */,
			);
			runOnlyForDeploymentPostprocessing = 0;
		};
/* End PBXSourcesBuildPhase section */

/* Begin PBXVariantGroup section */
		C0266A552031768000EBBB3C /* Main.storyboard */ = {
			isa = PBXVariantGroup;
			children = (
				C0266A562031768000EBBB3C /* Base */,
			);
			name = Main.storyboard;
			sourceTree = "<group>";
		};
		C0266A5A2031768000EBBB3C /* LaunchScreen.storyboard */ = {
			isa = PBXVariantGroup;
			children = (
				C0266A5B2031768000EBBB3C /* Base */,
			);
			name = LaunchScreen.storyboard;
			sourceTree = "<group>";
		};
/* End PBXVariantGroup section */

/* Begin XCBuildConfiguration section */
		C0266A5E2031768000EBBB3C /* Debug */ = {
			isa = XCBuildConfiguration;
			buildSettings = {
				ALWAYS_SEARCH_USER_PATHS = NO;
				CLANG_ANALYZER_NONNULL = YES;
				CLANG_ANALYZER_NUMBER_OBJECT_CONVERSION = YES_AGGRESSIVE;
				CLANG_CXX_LANGUAGE_STANDARD = "gnu++14";
				CLANG_CXX_LIBRARY = "libc++";
				CLANG_ENABLE_MODULES = YES;
				CLANG_ENABLE_OBJC_ARC = YES;
				CLANG_WARN_BLOCK_CAPTURE_AUTORELEASING = YES;
				CLANG_WARN_BOOL_CONVERSION = YES;
				CLANG_WARN_COMMA = YES;
				CLANG_WARN_CONSTANT_CONVERSION = YES;
				CLANG_WARN_DIRECT_OBJC_ISA_USAGE = YES_ERROR;
				CLANG_WARN_DOCUMENTATION_COMMENTS = YES;
				CLANG_WARN_EMPTY_BODY = YES;
				CLANG_WARN_ENUM_CONVERSION = YES;
				CLANG_WARN_INFINITE_RECURSION = YES;
				CLANG_WARN_INT_CONVERSION = YES;
				CLANG_WARN_NON_LITERAL_NULL_CONVERSION = YES;
				CLANG_WARN_OBJC_LITERAL_CONVERSION = YES;
				CLANG_WARN_OBJC_ROOT_CLASS = YES_ERROR;
				CLANG_WARN_RANGE_LOOP_ANALYSIS = YES;
				CLANG_WARN_STRICT_PROTOTYPES = YES;
				CLANG_WARN_SUSPICIOUS_MOVE = YES;
				CLANG_WARN_UNGUARDED_AVAILABILITY = YES_AGGRESSIVE;
				CLANG_WARN_UNREACHABLE_CODE = YES;
				CLANG_WARN__DUPLICATE_METHOD_MATCH = YES;
				CODE_SIGN_IDENTITY = "iPhone Developer";
				COPY_PHASE_STRIP = NO;
				DEBUG_INFORMATION_FORMAT = dwarf;
				ENABLE_STRICT_OBJC_MSGSEND = YES;
				ENABLE_TESTABILITY = YES;
				GCC_C_LANGUAGE_STANDARD = gnu11;
				GCC_DYNAMIC_NO_PIC = NO;
				GCC_NO_COMMON_BLOCKS = YES;
				GCC_OPTIMIZATION_LEVEL = 0;
				GCC_PREPROCESSOR_DEFINITIONS = (
					"DEBUG=1",
					"$(inherited)",
				);
				GCC_WARN_64_TO_32_BIT_CONVERSION = YES;
				GCC_WARN_ABOUT_RETURN_TYPE = YES_ERROR;
				GCC_WARN_UNDECLARED_SELECTOR = YES;
				GCC_WARN_UNINITIALIZED_AUTOS = YES_AGGRESSIVE;
				GCC_WARN_UNUSED_FUNCTION = YES;
				GCC_WARN_UNUSED_VARIABLE = YES;
				IPHONEOS_DEPLOYMENT_TARGET = 11.0;
				MTL_ENABLE_DEBUG_INFO = YES;
				ONLY_ACTIVE_ARCH = YES;
				SDKROOT = iphoneos;
				SWIFT_ACTIVE_COMPILATION_CONDITIONS = DEBUG;
				SWIFT_OPTIMIZATION_LEVEL = "-Onone";
			};
			name = Debug;
		};
		C0266A5F2031768000EBBB3C /* Release */ = {
			isa = XCBuildConfiguration;
			buildSettings = {
				ALWAYS_SEARCH_USER_PATHS = NO;
				CLANG_ANALYZER_NONNULL = YES;
				CLANG_ANALYZER_NUMBER_OBJECT_CONVERSION = YES_AGGRESSIVE;
				CLANG_CXX_LANGUAGE_STANDARD = "gnu++14";
				CLANG_CXX_LIBRARY = "libc++";
				CLANG_ENABLE_MODULES = YES;
				CLANG_ENABLE_OBJC_ARC = YES;
				CLANG_WARN_BLOCK_CAPTURE_AUTORELEASING = YES;
				CLANG_WARN_BOOL_CONVERSION = YES;
				CLANG_WARN_COMMA = YES;
				CLANG_WARN_CONSTANT_CONVERSION = YES;
				CLANG_WARN_DIRECT_OBJC_ISA_USAGE = YES_ERROR;
				CLANG_WARN_DOCUMENTATION_COMMENTS = YES;
				CLANG_WARN_EMPTY_BODY = YES;
				CLANG_WARN_ENUM_CONVERSION = YES;
				CLANG_WARN_INFINITE_RECURSION = YES;
				CLANG_WARN_INT_CONVERSION = YES;
				CLANG_WARN_NON_LITERAL_NULL_CONVERSION = YES;
				CLANG_WARN_OBJC_LITERAL_CONVERSION = YES;
				CLANG_WARN_OBJC_ROOT_CLASS = YES_ERROR;
				CLANG_WARN_RANGE_LOOP_ANALYSIS = YES;
				CLANG_WARN_STRICT_PROTOTYPES = YES;
				CLANG_WARN_SUSPICIOUS_MOVE = YES;
				CLANG_WARN_UNGUARDED_AVAILABILITY = YES_AGGRESSIVE;
				CLANG_WARN_UNREACHABLE_CODE = YES;
				CLANG_WARN__DUPLICATE_METHOD_MATCH = YES;
				CODE_SIGN_IDENTITY = "iPhone Developer";
				COPY_PHASE_STRIP = NO;
				DEBUG_INFORMATION_FORMAT = "dwarf-with-dsym";
				ENABLE_NS_ASSERTIONS = NO;
				ENABLE_STRICT_OBJC_MSGSEND = YES;
				GCC_C_LANGUAGE_STANDARD = gnu11;
				GCC_NO_COMMON_BLOCKS = YES;
				GCC_WARN_64_TO_32_BIT_CONVERSION = YES;
				GCC_WARN_ABOUT_RETURN_TYPE = YES_ERROR;
				GCC_WARN_UNDECLARED_SELECTOR = YES;
				GCC_WARN_UNINITIALIZED_AUTOS = YES_AGGRESSIVE;
				GCC_WARN_UNUSED_FUNCTION = YES;
				GCC_WARN_UNUSED_VARIABLE = YES;
				IPHONEOS_DEPLOYMENT_TARGET = 11.0;
				MTL_ENABLE_DEBUG_INFO = NO;
				SDKROOT = iphoneos;
				SWIFT_OPTIMIZATION_LEVEL = "-Owholemodule";
				VALIDATE_PRODUCT = YES;
			};
			name = Release;
		};
		C0266A612031768000EBBB3C /* Debug */ = {
			isa = XCBuildConfiguration;
			buildSettings = {
				ASSETCATALOG_COMPILER_APPICON_NAME = AppIcon;
				CODE_SIGN_STYLE = Automatic;
				DEVELOPMENT_TEAM = 9BTCAVN99V;
				INFOPLIST_FILE = GTSpinner/Info.plist;
				LD_RUNPATH_SEARCH_PATHS = "$(inherited) @executable_path/Frameworks";
				PRODUCT_BUNDLE_IDENTIFIER = com.gabrieltheodoropoulos.GTSpinner;
				PRODUCT_NAME = "$(TARGET_NAME)";
				SWIFT_VERSION = 4.0;
				TARGETED_DEVICE_FAMILY = 1;
			};
			name = Debug;
		};
		C0266A622031768000EBBB3C /* Release */ = {
			isa = XCBuildConfiguration;
			buildSettings = {
				ASSETCATALOG_COMPILER_APPICON_NAME = AppIcon;
				CODE_SIGN_STYLE = Automatic;
				DEVELOPMENT_TEAM = 9BTCAVN99V;
				INFOPLIST_FILE = GTSpinner/Info.plist;
				LD_RUNPATH_SEARCH_PATHS = "$(inherited) @executable_path/Frameworks";
				PRODUCT_BUNDLE_IDENTIFIER = com.gabrieltheodoropoulos.GTSpinner;
				PRODUCT_NAME = "$(TARGET_NAME)";
				SWIFT_VERSION = 4.0;
				TARGETED_DEVICE_FAMILY = 1;
			};
			name = Release;
		};
/* End XCBuildConfiguration section */

/* Begin XCConfigurationList section */
		C0266A492031768000EBBB3C /* Build configuration list for PBXProject "GTSpinner" */ = {
			isa = XCConfigurationList;
			buildConfigurations = (
				C0266A5E2031768000EBBB3C /* Debug */,
				C0266A5F2031768000EBBB3C /* Release */,
			);
			defaultConfigurationIsVisible = 0;
			defaultConfigurationName = Release;
		};
		C0266A602031768000EBBB3C /* Build configuration list for PBXNativeTarget "GTSpinner" */ = {
			isa = XCConfigurationList;
			buildConfigurations = (
				C0266A612031768000EBBB3C /* Debug */,
				C0266A622031768000EBBB3C /* Release */,
			);
			defaultConfigurationIsVisible = 0;
			defaultConfigurationName = Release;
		};
/* End XCConfigurationList section */
	};
	rootObject = C0266A462031768000EBBB3C /* Project object */;
}
